
Microsoft Visual Studio Solution File, Format Version 10.00
# Visual Studio 2008
Project("{FAE04EC0-301F-11D3-BF4B-00C04F79EFBC}") = "DersDemo_CS_List", "DersDemo_CS_List\DersDemo_CS_List.csproj", "{A2A7CAB8-EA7A-481A-809B-781B7086DDFB}"
EndProject
Global
	GlobalSection(SolutionConfigurationPlatforms) = preSolution
		Debug|Any CPU = Debug|Any CPU
		Release|Any CPU = Release|Any CPU
	EndGlobalSection
	GlobalSection(ProjectConfigurationPlatforms) = postSolution
		{A2A7CAB8-EA7A-481A-809B-781B7086DDFB}.Debug|Any CPU.ActiveCfg = Debug|Any CPU
		{A2A7CAB8-EA7A-481A-809B-781B7086DDFB}.Debug|Any CPU.Build.0 = Debug|Any CPU
		{A2A7CAB8-EA7A-481A-809B-781B7086DDFB}.Release|Any CPU.ActiveCfg = Release|Any CPU
		{A2A7CAB8-EA7A-481A-809B-781B7086DDFB}.Release|Any CPU.Build.0 = Release|Any CPU
	EndGlobalSection
	GlobalSection(SolutionProperties) = preSolution
		HideSolutionNode = FALSE
	EndGlobalSection
EndGlobal
