
Microsoft Visual Studio Solution File, Format Version 10.00
# Visual Studio 2008
Project("{FAE04EC0-301F-11D3-BF4B-00C04F79EFBC}") = "DersDemo_CS_First", "DersDemo_CS_First\DersDemo_CS_First.csproj", "{BF07F9B7-0E33-413A-8698-697025500ADE}"
EndProject
Global
	GlobalSection(SolutionConfigurationPlatforms) = preSolution
		Debug|Any CPU = Debug|Any CPU
		Release|Any CPU = Release|Any CPU
	EndGlobalSection
	GlobalSection(ProjectConfigurationPlatforms) = postSolution
		{BF07F9B7-0E33-413A-8698-697025500ADE}.Debug|Any CPU.ActiveCfg = Debug|Any CPU
		{BF07F9B7-0E33-413A-8698-697025500ADE}.Debug|Any CPU.Build.0 = Debug|Any CPU
		{BF07F9B7-0E33-413A-8698-697025500ADE}.Release|Any CPU.ActiveCfg = Release|Any CPU
		{BF07F9B7-0E33-413A-8698-697025500ADE}.Release|Any CPU.Build.0 = Release|Any CPU
	EndGlobalSection
	GlobalSection(SolutionProperties) = preSolution
		HideSolutionNode = FALSE
	EndGlobalSection
EndGlobal
