
Microsoft Visual Studio Solution File, Format Version 10.00
# Visual Studio 2008
Project("{FAE04EC0-301F-11D3-BF4B-00C04F79EFBC}") = "DersDemo_CS_Degiskenler", "DersDemo_CS_Degiskenler\DersDemo_CS_Degiskenler.csproj", "{C43FB063-DF7C-45C5-A414-A8EA7C8D3340}"
EndProject
Global
	GlobalSection(SolutionConfigurationPlatforms) = preSolution
		Debug|Any CPU = Debug|Any CPU
		Release|Any CPU = Release|Any CPU
	EndGlobalSection
	GlobalSection(ProjectConfigurationPlatforms) = postSolution
		{C43FB063-DF7C-45C5-A414-A8EA7C8D3340}.Debug|Any CPU.ActiveCfg = Debug|Any CPU
		{C43FB063-DF7C-45C5-A414-A8EA7C8D3340}.Debug|Any CPU.Build.0 = Debug|Any CPU
		{C43FB063-DF7C-45C5-A414-A8EA7C8D3340}.Release|Any CPU.ActiveCfg = Release|Any CPU
		{C43FB063-DF7C-45C5-A414-A8EA7C8D3340}.Release|Any CPU.Build.0 = Release|Any CPU
	EndGlobalSection
	GlobalSection(SolutionProperties) = preSolution
		HideSolutionNode = FALSE
	EndGlobalSection
EndGlobal
