
Microsoft Visual Studio Solution File, Format Version 10.00
# Visual Studio 2008
Project("{FAE04EC0-301F-11D3-BF4B-00C04F79EFBC}") = "DersDemo_CS_Interface", "DersDemo_CS_Interface\DersDemo_CS_Interface.csproj", "{ED50831E-1507-4259-A860-2F9B73869669}"
EndProject
Global
	GlobalSection(SolutionConfigurationPlatforms) = preSolution
		Debug|Any CPU = Debug|Any CPU
		Release|Any CPU = Release|Any CPU
	EndGlobalSection
	GlobalSection(ProjectConfigurationPlatforms) = postSolution
		{ED50831E-1507-4259-A860-2F9B73869669}.Debug|Any CPU.ActiveCfg = Debug|Any CPU
		{ED50831E-1507-4259-A860-2F9B73869669}.Debug|Any CPU.Build.0 = Debug|Any CPU
		{ED50831E-1507-4259-A860-2F9B73869669}.Release|Any CPU.ActiveCfg = Release|Any CPU
		{ED50831E-1507-4259-A860-2F9B73869669}.Release|Any CPU.Build.0 = Release|Any CPU
	EndGlobalSection
	GlobalSection(SolutionProperties) = preSolution
		HideSolutionNode = FALSE
	EndGlobalSection
EndGlobal
