
Microsoft Visual Studio Solution File, Format Version 10.00
# Visual Studio 2008
Project("{FAE04EC0-301F-11D3-BF4B-00C04F79EFBC}") = "DersDemo_CS_StackQueue", "DersDemo_CS_StackQueue\DersDemo_CS_StackQueue.csproj", "{69F0768A-2CAE-472A-92DA-CC043F21850C}"
EndProject
Global
	GlobalSection(SolutionConfigurationPlatforms) = preSolution
		Debug|Any CPU = Debug|Any CPU
		Release|Any CPU = Release|Any CPU
	EndGlobalSection
	GlobalSection(ProjectConfigurationPlatforms) = postSolution
		{69F0768A-2CAE-472A-92DA-CC043F21850C}.Debug|Any CPU.ActiveCfg = Debug|Any CPU
		{69F0768A-2CAE-472A-92DA-CC043F21850C}.Debug|Any CPU.Build.0 = Debug|Any CPU
		{69F0768A-2CAE-472A-92DA-CC043F21850C}.Release|Any CPU.ActiveCfg = Release|Any CPU
		{69F0768A-2CAE-472A-92DA-CC043F21850C}.Release|Any CPU.Build.0 = Release|Any CPU
	EndGlobalSection
	GlobalSection(SolutionProperties) = preSolution
		HideSolutionNode = FALSE
	EndGlobalSection
EndGlobal
