
Microsoft Visual Studio Solution File, Format Version 10.00
# Visual Studio 2008
Project("{FAE04EC0-301F-11D3-BF4B-00C04F79EFBC}") = "DersDemo_CS_Method3", "DersDemo_CS_Method3\DersDemo_CS_Method3.csproj", "{FE1BC044-AE16-4B2C-A4B8-ED227C4BF123}"
EndProject
Global
	GlobalSection(SolutionConfigurationPlatforms) = preSolution
		Debug|Any CPU = Debug|Any CPU
		Release|Any CPU = Release|Any CPU
	EndGlobalSection
	GlobalSection(ProjectConfigurationPlatforms) = postSolution
		{FE1BC044-AE16-4B2C-A4B8-ED227C4BF123}.Debug|Any CPU.ActiveCfg = Debug|Any CPU
		{FE1BC044-AE16-4B2C-A4B8-ED227C4BF123}.Debug|Any CPU.Build.0 = Debug|Any CPU
		{FE1BC044-AE16-4B2C-A4B8-ED227C4BF123}.Release|Any CPU.ActiveCfg = Release|Any CPU
		{FE1BC044-AE16-4B2C-A4B8-ED227C4BF123}.Release|Any CPU.Build.0 = Release|Any CPU
	EndGlobalSection
	GlobalSection(SolutionProperties) = preSolution
		HideSolutionNode = FALSE
	EndGlobalSection
EndGlobal
