
Microsoft Visual Studio Solution File, Format Version 10.00
# Visual Studio 2008
Project("{FAE04EC0-301F-11D3-BF4B-00C04F79EFBC}") = "DersDemo_CS_Dizi3", "DersDemo_CS_Dizi3\DersDemo_CS_Dizi3.csproj", "{192A7D27-B03A-40E8-9481-E71434E38D3A}"
EndProject
Global
	GlobalSection(SolutionConfigurationPlatforms) = preSolution
		Debug|Any CPU = Debug|Any CPU
		Release|Any CPU = Release|Any CPU
	EndGlobalSection
	GlobalSection(ProjectConfigurationPlatforms) = postSolution
		{192A7D27-B03A-40E8-9481-E71434E38D3A}.Debug|Any CPU.ActiveCfg = Debug|Any CPU
		{192A7D27-B03A-40E8-9481-E71434E38D3A}.Debug|Any CPU.Build.0 = Debug|Any CPU
		{192A7D27-B03A-40E8-9481-E71434E38D3A}.Release|Any CPU.ActiveCfg = Release|Any CPU
		{192A7D27-B03A-40E8-9481-E71434E38D3A}.Release|Any CPU.Build.0 = Release|Any CPU
	EndGlobalSection
	GlobalSection(SolutionProperties) = preSolution
		HideSolutionNode = FALSE
	EndGlobalSection
EndGlobal
