
Microsoft Visual Studio Solution File, Format Version 10.00
# Visual Studio 2008
Project("{FAE04EC0-301F-11D3-BF4B-00C04F79EFBC}") = "DersDemo_CS_Dizi2", "DersDemo_CS_Dizi2\DersDemo_CS_Dizi2.csproj", "{1E76156E-CD88-4280-807C-375ED26BE5FB}"
EndProject
Global
	GlobalSection(SolutionConfigurationPlatforms) = preSolution
		Debug|Any CPU = Debug|Any CPU
		Release|Any CPU = Release|Any CPU
	EndGlobalSection
	GlobalSection(ProjectConfigurationPlatforms) = postSolution
		{1E76156E-CD88-4280-807C-375ED26BE5FB}.Debug|Any CPU.ActiveCfg = Debug|Any CPU
		{1E76156E-CD88-4280-807C-375ED26BE5FB}.Debug|Any CPU.Build.0 = Debug|Any CPU
		{1E76156E-CD88-4280-807C-375ED26BE5FB}.Release|Any CPU.ActiveCfg = Release|Any CPU
		{1E76156E-CD88-4280-807C-375ED26BE5FB}.Release|Any CPU.Build.0 = Release|Any CPU
	EndGlobalSection
	GlobalSection(SolutionProperties) = preSolution
		HideSolutionNode = FALSE
	EndGlobalSection
EndGlobal
