
Microsoft Visual Studio Solution File, Format Version 10.00
# Visual Studio 2008
Project("{FAE04EC0-301F-11D3-BF4B-00C04F79EFBC}") = "DersDemo_CS_Delegates", "DersDemo_CS_Delegates\DersDemo_CS_Delegates.csproj", "{6B86D419-12BC-476B-9A3E-92F3A7C30DAF}"
EndProject
Global
	GlobalSection(SolutionConfigurationPlatforms) = preSolution
		Debug|Any CPU = Debug|Any CPU
		Release|Any CPU = Release|Any CPU
	EndGlobalSection
	GlobalSection(ProjectConfigurationPlatforms) = postSolution
		{6B86D419-12BC-476B-9A3E-92F3A7C30DAF}.Debug|Any CPU.ActiveCfg = Debug|Any CPU
		{6B86D419-12BC-476B-9A3E-92F3A7C30DAF}.Debug|Any CPU.Build.0 = Debug|Any CPU
		{6B86D419-12BC-476B-9A3E-92F3A7C30DAF}.Release|Any CPU.ActiveCfg = Release|Any CPU
		{6B86D419-12BC-476B-9A3E-92F3A7C30DAF}.Release|Any CPU.Build.0 = Release|Any CPU
	EndGlobalSection
	GlobalSection(SolutionProperties) = preSolution
		HideSolutionNode = FALSE
	EndGlobalSection
EndGlobal
