
Microsoft Visual Studio Solution File, Format Version 10.00
# Visual Studio 2008
Project("{FAE04EC0-301F-11D3-BF4B-00C04F79EFBC}") = "DersDemo_CS_Inheritance2", "DersDemo_CS_Inheritance2\DersDemo_CS_Inheritance2.csproj", "{6998D80A-6A27-463B-AFBD-0130246880BA}"
EndProject
Global
	GlobalSection(SolutionConfigurationPlatforms) = preSolution
		Debug|Any CPU = Debug|Any CPU
		Release|Any CPU = Release|Any CPU
	EndGlobalSection
	GlobalSection(ProjectConfigurationPlatforms) = postSolution
		{6998D80A-6A27-463B-AFBD-0130246880BA}.Debug|Any CPU.ActiveCfg = Debug|Any CPU
		{6998D80A-6A27-463B-AFBD-0130246880BA}.Debug|Any CPU.Build.0 = Debug|Any CPU
		{6998D80A-6A27-463B-AFBD-0130246880BA}.Release|Any CPU.ActiveCfg = Release|Any CPU
		{6998D80A-6A27-463B-AFBD-0130246880BA}.Release|Any CPU.Build.0 = Release|Any CPU
	EndGlobalSection
	GlobalSection(SolutionProperties) = preSolution
		HideSolutionNode = FALSE
	EndGlobalSection
EndGlobal
