
Microsoft Visual Studio Solution File, Format Version 10.00
# Visual Studio 2008
Project("{FAE04EC0-301F-11D3-BF4B-00C04F79EFBC}") = "DersDemo_CS_Abstract", "DersDemo_CS_Abstract\DersDemo_CS_Abstract.csproj", "{C7AAEF8B-462F-4AA2-AE7F-F804987C6A14}"
EndProject
Global
	GlobalSection(SolutionConfigurationPlatforms) = preSolution
		Debug|Any CPU = Debug|Any CPU
		Release|Any CPU = Release|Any CPU
	EndGlobalSection
	GlobalSection(ProjectConfigurationPlatforms) = postSolution
		{C7AAEF8B-462F-4AA2-AE7F-F804987C6A14}.Debug|Any CPU.ActiveCfg = Debug|Any CPU
		{C7AAEF8B-462F-4AA2-AE7F-F804987C6A14}.Debug|Any CPU.Build.0 = Debug|Any CPU
		{C7AAEF8B-462F-4AA2-AE7F-F804987C6A14}.Release|Any CPU.ActiveCfg = Release|Any CPU
		{C7AAEF8B-462F-4AA2-AE7F-F804987C6A14}.Release|Any CPU.Build.0 = Release|Any CPU
	EndGlobalSection
	GlobalSection(SolutionProperties) = preSolution
		HideSolutionNode = FALSE
	EndGlobalSection
EndGlobal
