
Microsoft Visual Studio Solution File, Format Version 10.00
# Visual Studio 2008
Project("{FAE04EC0-301F-11D3-BF4B-00C04F79EFBC}") = "DersDemo_CS_If2", "DersDemo_CS_If2\DersDemo_CS_If2.csproj", "{98CB123E-D313-4899-AC69-D78F9B37FE02}"
EndProject
Global
	GlobalSection(SolutionConfigurationPlatforms) = preSolution
		Debug|Any CPU = Debug|Any CPU
		Release|Any CPU = Release|Any CPU
	EndGlobalSection
	GlobalSection(ProjectConfigurationPlatforms) = postSolution
		{98CB123E-D313-4899-AC69-D78F9B37FE02}.Debug|Any CPU.ActiveCfg = Debug|Any CPU
		{98CB123E-D313-4899-AC69-D78F9B37FE02}.Debug|Any CPU.Build.0 = Debug|Any CPU
		{98CB123E-D313-4899-AC69-D78F9B37FE02}.Release|Any CPU.ActiveCfg = Release|Any CPU
		{98CB123E-D313-4899-AC69-D78F9B37FE02}.Release|Any CPU.Build.0 = Release|Any CPU
	EndGlobalSection
	GlobalSection(SolutionProperties) = preSolution
		HideSolutionNode = FALSE
	EndGlobalSection
EndGlobal
